
Microsoft Visual Studio Solution File, Format Version 12.00
# Visual Studio Version 17
VisualStudioVersion = 17.7.34221.43
MinimumVisualStudioVersion = 10.0.40219.1
Project("{FAE04EC0-301F-11D3-BF4B-00C04F79EFBC}") = "RetriveStudentsData", "RetriveStudentsData\RetriveStudentsData.csproj", "{D2DDE1C3-FFDA-40FD-9018-04D0470F280E}"
EndProject
Global
	GlobalSection(SolutionConfigurationPlatforms) = preSolution
		Debug|Any CPU = Debug|Any CPU
		Release|Any CPU = Release|Any CPU
	EndGlobalSection
	GlobalSection(ProjectConfigurationPlatforms) = postSolution
		{D2DDE1C3-FFDA-40FD-9018-04D0470F280E}.Debug|Any CPU.ActiveCfg = Debug|Any CPU
		{D2DDE1C3-FFDA-40FD-9018-04D0470F280E}.Debug|Any CPU.Build.0 = Debug|Any CPU
		{D2DDE1C3-FFDA-40FD-9018-04D0470F280E}.Release|Any CPU.ActiveCfg = Release|Any CPU
		{D2DDE1C3-FFDA-40FD-9018-04D0470F280E}.Release|Any CPU.Build.0 = Release|Any CPU
	EndGlobalSection
	GlobalSection(SolutionProperties) = preSolution
		HideSolutionNode = FALSE
	EndGlobalSection
	GlobalSection(ExtensibilityGlobals) = postSolution
		SolutionGuid = {1D98D016-61A8-4A01-A388-454FB81B1895}
	EndGlobalSection
EndGlobal
